# This file is automatically @generated by Poetry 1.8.3 and should not be changed by hand.

[[package]]
name = "parser"
version = "0.1.0"
description = ""
optional = false
python-versions = "^3.12"
files = []
develop = true

[package.source]
type = "directory"
url = "parser"

[metadata]
lock-version = "2.0"
python-versions = "^3.12"
content-hash = "ff5fbe267ffea0c087d7910815d274ab84675a1109830d756da49ed502f95a29"
